
Microsoft Visual Studio Solution File, Format Version 12.00
# Visual Studio Version 17
VisualStudioVersion = 17.7.34031.279
MinimumVisualStudioVersion = 10.0.40219.1
Project("{FAE04EC0-301F-11D3-BF4B-00C04F79EFBC}") = "DotNet Self Describing Assemblies", "DotNet Self Describing Assemblies\DotNet Self Describing Assemblies.csproj", "{40F3ACA9-8D31-4444-9063-93BB97B49014}"
EndProject
Global
	GlobalSection(SolutionConfigurationPlatforms) = preSolution
		Debug|Any CPU = Debug|Any CPU
		Release|Any CPU = Release|Any CPU
	EndGlobalSection
	GlobalSection(ProjectConfigurationPlatforms) = postSolution
		{40F3ACA9-8D31-4444-9063-93BB97B49014}.Debug|Any CPU.ActiveCfg = Debug|Any CPU
		{40F3ACA9-8D31-4444-9063-93BB97B49014}.Debug|Any CPU.Build.0 = Debug|Any CPU
		{40F3ACA9-8D31-4444-9063-93BB97B49014}.Release|Any CPU.ActiveCfg = Release|Any CPU
		{40F3ACA9-8D31-4444-9063-93BB97B49014}.Release|Any CPU.Build.0 = Release|Any CPU
	EndGlobalSection
	GlobalSection(SolutionProperties) = preSolution
		HideSolutionNode = FALSE
	EndGlobalSection
	GlobalSection(ExtensibilityGlobals) = postSolution
		SolutionGuid = {CC1023BC-B3E2-4DE5-9F3F-BB927E57BEED}
	EndGlobalSection
EndGlobal
